
Microsoft Visual Studio Solution File, Format Version 12.00
# Visual Studio Version 16
VisualStudioVersion = 16.0.29318.209
MinimumVisualStudioVersion = 10.0.40219.1
Project("{FAE04EC0-301F-11D3-BF4B-00C04F79EFBC}") = "WebApp", "WebApp\WebApp.csproj", "{9D7C14D6-E5EE-4F2E-9C2C-2F08E1A6B10B}"
EndProject
Project("{FAE04EC0-301F-11D3-BF4B-00C04F79EFBC}") = "InterLayerLib", "InterLayerLib\InterLayerLib.csproj", "{CEF9D11A-B530-4555-8CC1-DE58312DE51E}"
EndProject
Global
	GlobalSection(SolutionConfigurationPlatforms) = preSolution
		Debug|Any CPU = Debug|Any CPU
		Debug|Mixed Platforms = Debug|Mixed Platforms
		Debug|Net35 = Debug|Net35
		Debug|Net40 = Debug|Net40
		Debug|WithNRefactory = Debug|WithNRefactory
		Debug|x86 = Debug|x86
		net_4_5_Debug|Any CPU = net_4_5_Debug|Any CPU
		net_4_5_Debug|Mixed Platforms = net_4_5_Debug|Mixed Platforms
		net_4_5_Debug|Net35 = net_4_5_Debug|Net35
		net_4_5_Debug|Net40 = net_4_5_Debug|Net40
		net_4_5_Debug|WithNRefactory = net_4_5_Debug|WithNRefactory
		net_4_5_Debug|x86 = net_4_5_Debug|x86
		net_4_5_Release|Any CPU = net_4_5_Release|Any CPU
		net_4_5_Release|Mixed Platforms = net_4_5_Release|Mixed Platforms
		net_4_5_Release|Net35 = net_4_5_Release|Net35
		net_4_5_Release|Net40 = net_4_5_Release|Net40
		net_4_5_Release|WithNRefactory = net_4_5_Release|WithNRefactory
		net_4_5_Release|x86 = net_4_5_Release|x86
		Release|Any CPU = Release|Any CPU
		Release|Mixed Platforms = Release|Mixed Platforms
		Release|Net35 = Release|Net35
		Release|Net40 = Release|Net40
		Release|WithNRefactory = Release|WithNRefactory
		Release|x86 = Release|x86
	EndGlobalSection
	GlobalSection(ProjectConfigurationPlatforms) = postSolution
		{9D7C14D6-E5EE-4F2E-9C2C-2F08E1A6B10B}.Debug|Any CPU.ActiveCfg = Debug|Any CPU
		{9D7C14D6-E5EE-4F2E-9C2C-2F08E1A6B10B}.Debug|Any CPU.Build.0 = Debug|Any CPU
		{9D7C14D6-E5EE-4F2E-9C2C-2F08E1A6B10B}.Debug|Mixed Platforms.ActiveCfg = Debug|Any CPU
		{9D7C14D6-E5EE-4F2E-9C2C-2F08E1A6B10B}.Debug|Mixed Platforms.Build.0 = Debug|Any CPU
		{9D7C14D6-E5EE-4F2E-9C2C-2F08E1A6B10B}.Debug|Net35.ActiveCfg = Debug|Any CPU
		{9D7C14D6-E5EE-4F2E-9C2C-2F08E1A6B10B}.Debug|Net35.Build.0 = Debug|Any CPU
		{9D7C14D6-E5EE-4F2E-9C2C-2F08E1A6B10B}.Debug|Net40.ActiveCfg = Debug|Any CPU
		{9D7C14D6-E5EE-4F2E-9C2C-2F08E1A6B10B}.Debug|Net40.Build.0 = Debug|Any CPU
		{9D7C14D6-E5EE-4F2E-9C2C-2F08E1A6B10B}.Debug|WithNRefactory.ActiveCfg = Debug|Any CPU
		{9D7C14D6-E5EE-4F2E-9C2C-2F08E1A6B10B}.Debug|WithNRefactory.Build.0 = Debug|Any CPU
		{9D7C14D6-E5EE-4F2E-9C2C-2F08E1A6B10B}.Debug|x86.ActiveCfg = Debug|Any CPU
		{9D7C14D6-E5EE-4F2E-9C2C-2F08E1A6B10B}.Debug|x86.Build.0 = Debug|Any CPU
		{9D7C14D6-E5EE-4F2E-9C2C-2F08E1A6B10B}.net_4_5_Debug|Any CPU.ActiveCfg = Debug|Any CPU
		{9D7C14D6-E5EE-4F2E-9C2C-2F08E1A6B10B}.net_4_5_Debug|Any CPU.Build.0 = Debug|Any CPU
		{9D7C14D6-E5EE-4F2E-9C2C-2F08E1A6B10B}.net_4_5_Debug|Mixed Platforms.ActiveCfg = Debug|Any CPU
		{9D7C14D6-E5EE-4F2E-9C2C-2F08E1A6B10B}.net_4_5_Debug|Mixed Platforms.Build.0 = Debug|Any CPU
		{9D7C14D6-E5EE-4F2E-9C2C-2F08E1A6B10B}.net_4_5_Debug|Net35.ActiveCfg = Debug|Any CPU
		{9D7C14D6-E5EE-4F2E-9C2C-2F08E1A6B10B}.net_4_5_Debug|Net35.Build.0 = Debug|Any CPU
		{9D7C14D6-E5EE-4F2E-9C2C-2F08E1A6B10B}.net_4_5_Debug|Net40.ActiveCfg = Debug|Any CPU
		{9D7C14D6-E5EE-4F2E-9C2C-2F08E1A6B10B}.net_4_5_Debug|Net40.Build.0 = Debug|Any CPU
		{9D7C14D6-E5EE-4F2E-9C2C-2F08E1A6B10B}.net_4_5_Debug|WithNRefactory.ActiveCfg = Debug|Any CPU
		{9D7C14D6-E5EE-4F2E-9C2C-2F08E1A6B10B}.net_4_5_Debug|WithNRefactory.Build.0 = Debug|Any CPU
		{9D7C14D6-E5EE-4F2E-9C2C-2F08E1A6B10B}.net_4_5_Debug|x86.ActiveCfg = Debug|Any CPU
		{9D7C14D6-E5EE-4F2E-9C2C-2F08E1A6B10B}.net_4_5_Debug|x86.Build.0 = Debug|Any CPU
		{9D7C14D6-E5EE-4F2E-9C2C-2F08E1A6B10B}.net_4_5_Release|Any CPU.ActiveCfg = Release|Any CPU
		{9D7C14D6-E5EE-4F2E-9C2C-2F08E1A6B10B}.net_4_5_Release|Any CPU.Build.0 = Release|Any CPU
		{9D7C14D6-E5EE-4F2E-9C2C-2F08E1A6B10B}.net_4_5_Release|Mixed Platforms.ActiveCfg = Release|Any CPU
		{9D7C14D6-E5EE-4F2E-9C2C-2F08E1A6B10B}.net_4_5_Release|Mixed Platforms.Build.0 = Release|Any CPU
		{9D7C14D6-E5EE-4F2E-9C2C-2F08E1A6B10B}.net_4_5_Release|Net35.ActiveCfg = Release|Any CPU
		{9D7C14D6-E5EE-4F2E-9C2C-2F08E1A6B10B}.net_4_5_Release|Net35.Build.0 = Release|Any CPU
		{9D7C14D6-E5EE-4F2E-9C2C-2F08E1A6B10B}.net_4_5_Release|Net40.ActiveCfg = Release|Any CPU
		{9D7C14D6-E5EE-4F2E-9C2C-2F08E1A6B10B}.net_4_5_Release|Net40.Build.0 = Release|Any CPU
		{9D7C14D6-E5EE-4F2E-9C2C-2F08E1A6B10B}.net_4_5_Release|WithNRefactory.ActiveCfg = Release|Any CPU
		{9D7C14D6-E5EE-4F2E-9C2C-2F08E1A6B10B}.net_4_5_Release|WithNRefactory.Build.0 = Release|Any CPU
		{9D7C14D6-E5EE-4F2E-9C2C-2F08E1A6B10B}.net_4_5_Release|x86.ActiveCfg = Release|Any CPU
		{9D7C14D6-E5EE-4F2E-9C2C-2F08E1A6B10B}.net_4_5_Release|x86.Build.0 = Release|Any CPU
		{9D7C14D6-E5EE-4F2E-9C2C-2F08E1A6B10B}.Release|Any CPU.ActiveCfg = Release|Any CPU
		{9D7C14D6-E5EE-4F2E-9C2C-2F08E1A6B10B}.Release|Any CPU.Build.0 = Release|Any CPU
		{9D7C14D6-E5EE-4F2E-9C2C-2F08E1A6B10B}.Release|Mixed Platforms.ActiveCfg = Release|Any CPU
		{9D7C14D6-E5EE-4F2E-9C2C-2F08E1A6B10B}.Release|Mixed Platforms.Build.0 = Release|Any CPU
		{9D7C14D6-E5EE-4F2E-9C2C-2F08E1A6B10B}.Release|Net35.ActiveCfg = Release|Any CPU
		{9D7C14D6-E5EE-4F2E-9C2C-2F08E1A6B10B}.Release|Net35.Build.0 = Release|Any CPU
		{9D7C14D6-E5EE-4F2E-9C2C-2F08E1A6B10B}.Release|Net40.ActiveCfg = Release|Any CPU
		{9D7C14D6-E5EE-4F2E-9C2C-2F08E1A6B10B}.Release|Net40.Build.0 = Release|Any CPU
		{9D7C14D6-E5EE-4F2E-9C2C-2F08E1A6B10B}.Release|WithNRefactory.ActiveCfg = Release|Any CPU
		{9D7C14D6-E5EE-4F2E-9C2C-2F08E1A6B10B}.Release|WithNRefactory.Build.0 = Release|Any CPU
		{9D7C14D6-E5EE-4F2E-9C2C-2F08E1A6B10B}.Release|x86.ActiveCfg = Release|Any CPU
		{9D7C14D6-E5EE-4F2E-9C2C-2F08E1A6B10B}.Release|x86.Build.0 = Release|Any CPU
		{CEF9D11A-B530-4555-8CC1-DE58312DE51E}.Debug|Any CPU.ActiveCfg = Debug|Any CPU
		{CEF9D11A-B530-4555-8CC1-DE58312DE51E}.Debug|Any CPU.Build.0 = Debug|Any CPU
		{CEF9D11A-B530-4555-8CC1-DE58312DE51E}.Debug|Mixed Platforms.ActiveCfg = Debug|Any CPU
		{CEF9D11A-B530-4555-8CC1-DE58312DE51E}.Debug|Mixed Platforms.Build.0 = Debug|Any CPU
		{CEF9D11A-B530-4555-8CC1-DE58312DE51E}.Debug|Net35.ActiveCfg = Debug|Any CPU
		{CEF9D11A-B530-4555-8CC1-DE58312DE51E}.Debug|Net35.Build.0 = Debug|Any CPU
		{CEF9D11A-B530-4555-8CC1-DE58312DE51E}.Debug|Net40.ActiveCfg = Debug|Any CPU
		{CEF9D11A-B530-4555-8CC1-DE58312DE51E}.Debug|Net40.Build.0 = Debug|Any CPU
		{CEF9D11A-B530-4555-8CC1-DE58312DE51E}.Debug|WithNRefactory.ActiveCfg = Debug|Any CPU
		{CEF9D11A-B530-4555-8CC1-DE58312DE51E}.Debug|WithNRefactory.Build.0 = Debug|Any CPU
		{CEF9D11A-B530-4555-8CC1-DE58312DE51E}.Debug|x86.ActiveCfg = Debug|Any CPU
		{CEF9D11A-B530-4555-8CC1-DE58312DE51E}.Debug|x86.Build.0 = Debug|Any CPU
		{CEF9D11A-B530-4555-8CC1-DE58312DE51E}.net_4_5_Debug|Any CPU.ActiveCfg = Debug|Any CPU
		{CEF9D11A-B530-4555-8CC1-DE58312DE51E}.net_4_5_Debug|Any CPU.Build.0 = Debug|Any CPU
		{CEF9D11A-B530-4555-8CC1-DE58312DE51E}.net_4_5_Debug|Mixed Platforms.ActiveCfg = Debug|Any CPU
		{CEF9D11A-B530-4555-8CC1-DE58312DE51E}.net_4_5_Debug|Mixed Platforms.Build.0 = Debug|Any CPU
		{CEF9D11A-B530-4555-8CC1-DE58312DE51E}.net_4_5_Debug|Net35.ActiveCfg = Debug|Any CPU
		{CEF9D11A-B530-4555-8CC1-DE58312DE51E}.net_4_5_Debug|Net35.Build.0 = Debug|Any CPU
		{CEF9D11A-B530-4555-8CC1-DE58312DE51E}.net_4_5_Debug|Net40.ActiveCfg = Debug|Any CPU
		{CEF9D11A-B530-4555-8CC1-DE58312DE51E}.net_4_5_Debug|Net40.Build.0 = Debug|Any CPU
		{CEF9D11A-B530-4555-8CC1-DE58312DE51E}.net_4_5_Debug|WithNRefactory.ActiveCfg = Debug|Any CPU
		{CEF9D11A-B530-4555-8CC1-DE58312DE51E}.net_4_5_Debug|WithNRefactory.Build.0 = Debug|Any CPU
		{CEF9D11A-B530-4555-8CC1-DE58312DE51E}.net_4_5_Debug|x86.ActiveCfg = Debug|Any CPU
		{CEF9D11A-B530-4555-8CC1-DE58312DE51E}.net_4_5_Debug|x86.Build.0 = Debug|Any CPU
		{CEF9D11A-B530-4555-8CC1-DE58312DE51E}.net_4_5_Release|Any CPU.ActiveCfg = Release|Any CPU
		{CEF9D11A-B530-4555-8CC1-DE58312DE51E}.net_4_5_Release|Any CPU.Build.0 = Release|Any CPU
		{CEF9D11A-B530-4555-8CC1-DE58312DE51E}.net_4_5_Release|Mixed Platforms.ActiveCfg = Release|Any CPU
		{CEF9D11A-B530-4555-8CC1-DE58312DE51E}.net_4_5_Release|Mixed Platforms.Build.0 = Release|Any CPU
		{CEF9D11A-B530-4555-8CC1-DE58312DE51E}.net_4_5_Release|Net35.ActiveCfg = Release|Any CPU
		{CEF9D11A-B530-4555-8CC1-DE58312DE51E}.net_4_5_Release|Net35.Build.0 = Release|Any CPU
		{CEF9D11A-B530-4555-8CC1-DE58312DE51E}.net_4_5_Release|Net40.ActiveCfg = Release|Any CPU
		{CEF9D11A-B530-4555-8CC1-DE58312DE51E}.net_4_5_Release|Net40.Build.0 = Release|Any CPU
		{CEF9D11A-B530-4555-8CC1-DE58312DE51E}.net_4_5_Release|WithNRefactory.ActiveCfg = Release|Any CPU
		{CEF9D11A-B530-4555-8CC1-DE58312DE51E}.net_4_5_Release|WithNRefactory.Build.0 = Release|Any CPU
		{CEF9D11A-B530-4555-8CC1-DE58312DE51E}.net_4_5_Release|x86.ActiveCfg = Release|Any CPU
		{CEF9D11A-B530-4555-8CC1-DE58312DE51E}.net_4_5_Release|x86.Build.0 = Release|Any CPU
		{CEF9D11A-B530-4555-8CC1-DE58312DE51E}.Release|Any CPU.ActiveCfg = Release|Any CPU
		{CEF9D11A-B530-4555-8CC1-DE58312DE51E}.Release|Any CPU.Build.0 = Release|Any CPU
		{CEF9D11A-B530-4555-8CC1-DE58312DE51E}.Release|Mixed Platforms.ActiveCfg = Release|Any CPU
		{CEF9D11A-B530-4555-8CC1-DE58312DE51E}.Release|Mixed Platforms.Build.0 = Release|Any CPU
		{CEF9D11A-B530-4555-8CC1-DE58312DE51E}.Release|Net35.ActiveCfg = Release|Any CPU
		{CEF9D11A-B530-4555-8CC1-DE58312DE51E}.Release|Net35.Build.0 = Release|Any CPU
		{CEF9D11A-B530-4555-8CC1-DE58312DE51E}.Release|Net40.ActiveCfg = Release|Any CPU
		{CEF9D11A-B530-4555-8CC1-DE58312DE51E}.Release|Net40.Build.0 = Release|Any CPU
		{CEF9D11A-B530-4555-8CC1-DE58312DE51E}.Release|WithNRefactory.ActiveCfg = Release|Any CPU
		{CEF9D11A-B530-4555-8CC1-DE58312DE51E}.Release|WithNRefactory.Build.0 = Release|Any CPU
		{CEF9D11A-B530-4555-8CC1-DE58312DE51E}.Release|x86.ActiveCfg = Release|Any CPU
		{CEF9D11A-B530-4555-8CC1-DE58312DE51E}.Release|x86.Build.0 = Release|Any CPU
	EndGlobalSection
	GlobalSection(SolutionProperties) = preSolution
		HideSolutionNode = FALSE
	EndGlobalSection
	GlobalSection(ExtensibilityGlobals) = postSolution
		SolutionGuid = {2FA03F14-0FFA-458A-A088-FCB08A908E04}
	EndGlobalSection
EndGlobal
